// !$*UTF8*$!
{
	archiveVersion = 1;
	classes = {
	};
	objectVersion = 60;
	objects = {

/* Begin PBXBuildFile section */
		1A1A1A1A1A1A1A1A1A1A1A1A /* SongBattleApp.swift in Sources */ = {isa = PBXBuildFile; fileRef = 1A1A1A1A1A1A1A1A1A1A1A1B /* SongBattleApp.swift */; };
		1A1A1A1A1A1A1A1A1A1A1A1C /* ContentView.swift in Sources */ = {isa = PBXBuildFile; fileRef = 1A1A1A1A1A1A1A1A1A1A1A1D /* ContentView.swift */; };
		1A1A1A1A1A1A1A1A1A1A1A1E /* GameView.swift in Sources */ = {isa = PBXBuildFile; fileRef = 1A1A1A1A1A1A1A1A1A1A1A1F /* GameView.swift */; };
		1A1A1A1A1A1A1A1A1A1A1A20 /* TeamsView.swift in Sources */ = {isa = PBXBuildFile; fileRef = 1A1A1A1A1A1A1A1A1A1A1A21 /* TeamsView.swift */; };
		1A1A1A1A1A1A1A1A1A1A1A22 /* SettingsView.swift in Sources */ = {isa = PBXBuildFile; fileRef = 1A1A1A1A1A1A1A1A1A1A1A23 /* SettingsView.swift */; };
		1A1A1A1A1A1A1A1A1A1A1A39 /* Team.swift in Sources */ = {isa = PBXBuildFile; fileRef = 1A1A1A1A1A1A1A1A1A1A1A40 /* Team.swift */; };
		1A1A1A1A1A1A1A1A1A1A1A41 /* Track.swift in Sources */ = {isa = PBXBuildFile; fileRef = 1A1A1A1A1A1A1A1A1A1A1A42 /* Track.swift */; };
		7A0162382DC497F900C706F1 /* Assets.xcassets in Resources */ = {isa = PBXBuildFile; fileRef = 7A0162372DC497F900C706F1 /* Assets.xcassets */; };
		7A01623A2DC4A96000C706F1 /* MusicCategory.swift in Sources */ = {isa = PBXBuildFile; fileRef = 7A0162392DC4A96000C706F1 /* MusicCategory.swift */; };
		7A01623D2DC4AA2400C706F1 /* GameService.swift in Sources */ = {isa = PBXBuildFile; fileRef = 7A01623B2DC4AA2300C706F1 /* GameService.swift */; };
		7A01623E2DC4AA2400C706F1 /* SpotifyService.swift in Sources */ = {isa = PBXBuildFile; fileRef = 7A01623C2DC4AA2300C706F1 /* SpotifyService.swift */; };
		7A0162452DC4AC8C00C706F1 /* GameViewModel.swift in Sources */ = {isa = PBXBuildFile; fileRef = 7A0162412DC4AC8C00C706F1 /* GameViewModel.swift */; };
		7A0162462DC4AC8C00C706F1 /* ScoreSheetViewModel.swift in Sources */ = {isa = PBXBuildFile; fileRef = 7A0162422DC4AC8C00C706F1 /* ScoreSheetViewModel.swift */; };
		7A0162472DC4AC8C00C706F1 /* CategorySelectionViewModel.swift in Sources */ = {isa = PBXBuildFile; fileRef = 7A0162402DC4AC8C00C706F1 /* CategorySelectionViewModel.swift */; };
		7A0162482DC4AC8C00C706F1 /* TeamsViewModel.swift in Sources */ = {isa = PBXBuildFile; fileRef = 7A0162432DC4AC8C00C706F1 /* TeamsViewModel.swift */; };
		7A01624B2DC5701D00C706F1 /* SongSelectionView.swift in Sources */ = {isa = PBXBuildFile; fileRef = 7A01624A2DC5701D00C706F1 /* SongSelectionView.swift */; };
		7A01624C2DC5701D00C706F1 /* AddTeamView.swift in Sources */ = {isa = PBXBuildFile; fileRef = 7A0162492DC5701D00C706F1 /* AddTeamView.swift */; };
		7A6AFF872DBB1862001F5D91 /* SpotifyiOS.xcframework in Frameworks */ = {isa = PBXBuildFile; fileRef = 7A6AFF862DBB1862001F5D91 /* SpotifyiOS.xcframework */; };
		7A6AFF882DBB1862001F5D91 /* SpotifyiOS.xcframework in Embed Frameworks */ = {isa = PBXBuildFile; fileRef = 7A6AFF862DBB1862001F5D91 /* SpotifyiOS.xcframework */; settings = {ATTRIBUTES = (CodeSignOnCopy, RemoveHeadersOnCopy, ); }; };
		7A9B9E382DC1CBED004491D4 /* ScoreSheetView.swift in Sources */ = {isa = PBXBuildFile; fileRef = 7A9B9E362DC1CBED004491D5 /* ScoreSheetView.swift */; };
		7A9B9E392DC1CBED004491D5 /* CategorySelectionView.swift in Sources */ = {isa = PBXBuildFile; fileRef = 7A9B9E372DC1CBED004491D6 /* CategorySelectionView.swift */; };
		7AF458322DC310B900FF09AF /* ViewModifiers.swift in Sources */ = {isa = PBXBuildFile; fileRef = 7AF458302DC310B900FF09AF /* ViewModifiers.swift */; };
		7AF458332DC310B900FF09AF /* Configuration.swift in Sources */ = {isa = PBXBuildFile; fileRef = 7AF4582F2DC310B900FF09AF /* Configuration.swift */; };
		7AF458342DC310B900FF09AF /* ColorTheme.swift in Sources */ = {isa = PBXBuildFile; fileRef = 7AF4582E2DC310B900FF09AF /* ColorTheme.swift */; };
		7AF458372DC310D700FF09AF /* LoadingView.swift in Sources */ = {isa = PBXBuildFile; fileRef = 7AF458352DC310D700FF09AF /* LoadingView.swift */; };
		7AF4583F2DC3123000FF09AF /* Game.swift in Sources */ = {isa = PBXBuildFile; fileRef = 7AF4583D2DC3123000FF09AF /* Game.swift */; };
		7AF458402DC3123000FF09AF /* Player.swift in Sources */ = {isa = PBXBuildFile; fileRef = 7AF4583E2DC3123000FF09AF /* Player.swift */; };
/* End PBXBuildFile section */

/* Begin PBXCopyFilesBuildPhase section */
		7A6AFF892DBB1862001F5D91 /* Embed Frameworks */ = {
			isa = PBXCopyFilesBuildPhase;
			buildActionMask = 2147483647;
			dstPath = "";
			dstSubfolderSpec = 10;
			files = (
				7A6AFF882DBB1862001F5D91 /* SpotifyiOS.xcframework in Embed Frameworks */,
			);
			name = "Embed Frameworks";
			runOnlyForDeploymentPostprocessing = 0;
		};
/* End PBXCopyFilesBuildPhase section */

/* Begin PBXFileReference section */
		1A1A1A1A1A1A1A1A1A1A1A1B /* SongBattleApp.swift */ = {isa = PBXFileReference; lastKnownFileType = sourcecode.swift; path = SongBattleApp.swift; sourceTree = "<group>"; };
		1A1A1A1A1A1A1A1A1A1A1A1D /* ContentView.swift */ = {isa = PBXFileReference; lastKnownFileType = sourcecode.swift; path = ContentView.swift; sourceTree = "<group>"; };
		1A1A1A1A1A1A1A1A1A1A1A1F /* GameView.swift */ = {isa = PBXFileReference; lastKnownFileType = sourcecode.swift; path = GameView.swift; sourceTree = "<group>"; };
		1A1A1A1A1A1A1A1A1A1A1A21 /* TeamsView.swift */ = {isa = PBXFileReference; lastKnownFileType = sourcecode.swift; path = TeamsView.swift; sourceTree = "<group>"; };
		1A1A1A1A1A1A1A1A1A1A1A23 /* SettingsView.swift */ = {isa = PBXFileReference; lastKnownFileType = sourcecode.swift; path = SettingsView.swift; sourceTree = "<group>"; };
		1A1A1A1A1A1A1A1A1A1A1A28 /* SongBattle.app */ = {isa = PBXFileReference; explicitFileType = wrapper.application; includeInIndex = 0; path = SongBattle.app; sourceTree = BUILT_PRODUCTS_DIR; };
		1A1A1A1A1A1A1A1A1A1A1A40 /* Team.swift */ = {isa = PBXFileReference; lastKnownFileType = sourcecode.swift; path = Team.swift; sourceTree = "<group>"; };
		1A1A1A1A1A1A1A1A1A1A1A42 /* Track.swift */ = {isa = PBXFileReference; lastKnownFileType = sourcecode.swift; path = Track.swift; sourceTree = "<group>"; };
		7A0162372DC497F900C706F1 /* Assets.xcassets */ = {isa = PBXFileReference; lastKnownFileType = folder.assetcatalog; path = Assets.xcassets; sourceTree = "<group>"; };
		7A0162392DC4A96000C706F1 /* MusicCategory.swift */ = {isa = PBXFileReference; lastKnownFileType = sourcecode.swift; path = MusicCategory.swift; sourceTree = "<group>"; };
		7A01623B2DC4AA2300C706F1 /* GameService.swift */ = {isa = PBXFileReference; lastKnownFileType = sourcecode.swift; path = GameService.swift; sourceTree = "<group>"; };
		7A01623C2DC4AA2300C706F1 /* SpotifyService.swift */ = {isa = PBXFileReference; lastKnownFileType = sourcecode.swift; path = SpotifyService.swift; sourceTree = "<group>"; };
		7A0162402DC4AC8C00C706F1 /* CategorySelectionViewModel.swift */ = {isa = PBXFileReference; lastKnownFileType = sourcecode.swift; path = CategorySelectionViewModel.swift; sourceTree = "<group>"; };
		7A0162412DC4AC8C00C706F1 /* GameViewModel.swift */ = {isa = PBXFileReference; lastKnownFileType = sourcecode.swift; path = GameViewModel.swift; sourceTree = "<group>"; };
		7A0162422DC4AC8C00C706F1 /* ScoreSheetViewModel.swift */ = {isa = PBXFileReference; lastKnownFileType = sourcecode.swift; path = ScoreSheetViewModel.swift; sourceTree = "<group>"; };
		7A0162432DC4AC8C00C706F1 /* TeamsViewModel.swift */ = {isa = PBXFileReference; lastKnownFileType = sourcecode.swift; path = TeamsViewModel.swift; sourceTree = "<group>"; };
		7A0162492DC5701D00C706F1 /* AddTeamView.swift */ = {isa = PBXFileReference; lastKnownFileType = sourcecode.swift; path = AddTeamView.swift; sourceTree = "<group>"; };
		7A01624A2DC5701D00C706F1 /* SongSelectionView.swift */ = {isa = PBXFileReference; lastKnownFileType = sourcecode.swift; path = SongSelectionView.swift; sourceTree = "<group>"; };
		7A6AFF862DBB1862001F5D91 /* SpotifyiOS.xcframework */ = {isa = PBXFileReference; expectedSignature = "AppleDeveloperProgram:2FNC3A47ZF:Spotify"; lastKnownFileType = wrapper.xcframework; path = SpotifyiOS.xcframework; sourceTree = "<group>"; };
		7A9B9E362DC1CBED004491D5 /* ScoreSheetView.swift */ = {isa = PBXFileReference; lastKnownFileType = sourcecode.swift; path = ScoreSheetView.swift; sourceTree = "<group>"; };
		7A9B9E372DC1CBED004491D6 /* CategorySelectionView.swift */ = {isa = PBXFileReference; lastKnownFileType = sourcecode.swift; path = CategorySelectionView.swift; sourceTree = "<group>"; };
		7AF4582E2DC310B900FF09AF /* ColorTheme.swift */ = {isa = PBXFileReference; lastKnownFileType = sourcecode.swift; path = ColorTheme.swift; sourceTree = "<group>"; };
		7AF4582F2DC310B900FF09AF /* Configuration.swift */ = {isa = PBXFileReference; lastKnownFileType = sourcecode.swift; path = Configuration.swift; sourceTree = "<group>"; };
		7AF458302DC310B900FF09AF /* ViewModifiers.swift */ = {isa = PBXFileReference; lastKnownFileType = sourcecode.swift; path = ViewModifiers.swift; sourceTree = "<group>"; };
		7AF458352DC310D700FF09AF /* LoadingView.swift */ = {isa = PBXFileReference; lastKnownFileType = sourcecode.swift; path = LoadingView.swift; sourceTree = "<group>"; };
		7AF4583D2DC3123000FF09AF /* Game.swift */ = {isa = PBXFileReference; lastKnownFileType = sourcecode.swift; path = Game.swift; sourceTree = "<group>"; };
		7AF4583E2DC3123000FF09AF /* Player.swift */ = {isa = PBXFileReference; lastKnownFileType = sourcecode.swift; path = Player.swift; sourceTree = "<group>"; };
		7AF458412DC3124100FF09AF /* SongBattle-Bridging-Header.h */ = {isa = PBXFileReference; lastKnownFileType = sourcecode.c.h; path = "SongBattle-Bridging-Header.h"; sourceTree = "<group>"; };
		7AF458462DC3159C00FF09AF /* Info.plist */ = {isa = PBXFileReference; lastKnownFileType = text.plist.xml; path = Info.plist; sourceTree = "<group>"; };
/* End PBXFileReference section */

/* Begin PBXFrameworksBuildPhase section */
		1A1A1A1A1A1A1A1A1A1A1A29 /* Frameworks */ = {
			isa = PBXFrameworksBuildPhase;
			buildActionMask = 2147483647;
			files = (
				7A6AFF872DBB1862001F5D91 /* SpotifyiOS.xcframework in Frameworks */,
			);
			runOnlyForDeploymentPostprocessing = 0;
		};
/* End PBXFrameworksBuildPhase section */

/* Begin PBXGroup section */
		1A1A1A1A1A1A1A1A1A1A1A2A = {
			isa = PBXGroup;
			children = (
				1A1A1A1A1A1A1A1A1A1A1A2B /* SongBattle */,
				7A6AFF842DBB1814001F5D91 /* Frameworks */,
				1A1A1A1A1A1A1A1A1A1A1A2C /* Products */,
			);
			sourceTree = "<group>";
		};
		1A1A1A1A1A1A1A1A1A1A1A2B /* SongBattle */ = {
			isa = PBXGroup;
			children = (
				7AF458462DC3159C00FF09AF /* Info.plist */,
				7AF458412DC3124100FF09AF /* SongBattle-Bridging-Header.h */,
				7A0162372DC497F900C706F1 /* Assets.xcassets */,
				7AF458312DC310B900FF09AF /* Utilities */,
				1A1A1A1A1A1A1A1A1A1A1A1B /* SongBattleApp.swift */,
				7A0162442DC4AC8C00C706F1 /* ViewModels */,
				1A1A1A1A1A1A1A1A1A1A1A2D /* Views */,
				1A1A1A1A1A1A1A1A1A1A1A2E /* Services */,
				1A1A1A1A1A1A1A1A1A1A1A43 /* Models */,
			);
			path = SongBattle;
			sourceTree = "<group>";
		};
		1A1A1A1A1A1A1A1A1A1A1A2C /* Products */ = {
			isa = PBXGroup;
			children = (
				1A1A1A1A1A1A1A1A1A1A1A28 /* SongBattle.app */,
			);
			name = Products;
			sourceTree = "<group>";
		};
		1A1A1A1A1A1A1A1A1A1A1A2D /* Views */ = {
			isa = PBXGroup;
			children = (
				7A0162492DC5701D00C706F1 /* AddTeamView.swift */,
				7A01624A2DC5701D00C706F1 /* SongSelectionView.swift */,
				7AF458352DC310D700FF09AF /* LoadingView.swift */,
				1A1A1A1A1A1A1A1A1A1A1A1D /* ContentView.swift */,
				1A1A1A1A1A1A1A1A1A1A1A1F /* GameView.swift */,
				1A1A1A1A1A1A1A1A1A1A1A21 /* TeamsView.swift */,
				1A1A1A1A1A1A1A1A1A1A1A23 /* SettingsView.swift */,
				7A9B9E362DC1CBED004491D5 /* ScoreSheetView.swift */,
				7A9B9E372DC1CBED004491D6 /* CategorySelectionView.swift */,
			);
			path = Views;
			sourceTree = "<group>";
		};
		1A1A1A1A1A1A1A1A1A1A1A2E /* Services */ = {
			isa = PBXGroup;
			children = (
				7A01623B2DC4AA2300C706F1 /* GameService.swift */,
				7A01623C2DC4AA2300C706F1 /* SpotifyService.swift */,
			);
			path = Services;
			sourceTree = "<group>";
		};
		1A1A1A1A1A1A1A1A1A1A1A43 /* Models */ = {
			isa = PBXGroup;
			children = (
				7AF4583D2DC3123000FF09AF /* Game.swift */,
				7A0162392DC4A96000C706F1 /* MusicCategory.swift */,
				7AF4583E2DC3123000FF09AF /* Player.swift */,
				1A1A1A1A1A1A1A1A1A1A1A40 /* Team.swift */,
				1A1A1A1A1A1A1A1A1A1A1A42 /* Track.swift */,
			);
			path = Models;
			sourceTree = "<group>";
		};
		7A0162442DC4AC8C00C706F1 /* ViewModels */ = {
			isa = PBXGroup;
			children = (
				7A0162402DC4AC8C00C706F1 /* CategorySelectionViewModel.swift */,
				7A0162412DC4AC8C00C706F1 /* GameViewModel.swift */,
				7A0162422DC4AC8C00C706F1 /* ScoreSheetViewModel.swift */,
				7A0162432DC4AC8C00C706F1 /* TeamsViewModel.swift */,
			);
			path = ViewModels;
			sourceTree = "<group>";
		};
		7A6AFF842DBB1814001F5D91 /* Frameworks */ = {
			isa = PBXGroup;
			children = (
				7A6AFF862DBB1862001F5D91 /* SpotifyiOS.xcframework */,
			);
			name = Frameworks;
			sourceTree = "<group>";
		};
		7AF458312DC310B900FF09AF /* Utilities */ = {
			isa = PBXGroup;
			children = (
				7AF4582E2DC310B900FF09AF /* ColorTheme.swift */,
				7AF4582F2DC310B900FF09AF /* Configuration.swift */,
				7AF458302DC310B900FF09AF /* ViewModifiers.swift */,
			);
			path = Utilities;
			sourceTree = "<group>";
		};
/* End PBXGroup section */

/* Begin PBXNativeTarget section */
		1A1A1A1A1A1A1A1A1A1A1A2F /* SongBattle */ = {
			isa = PBXNativeTarget;
			buildConfigurationList = 1A1A1A1A1A1A1A1A1A1A1A30 /* Build configuration list for PBXNativeTarget "SongBattle" */;
			buildPhases = (
				1A1A1A1A1A1A1A1A1A1A1A29 /* Frameworks */,
				1A1A1A1A1A1A1A1A1A1A1A31 /* Sources */,
				1A1A1A1A1A1A1A1A1A1A1A32 /* Resources */,
				7A6AFF892DBB1862001F5D91 /* Embed Frameworks */,
			);
			buildRules = (
			);
			dependencies = (
			);
			name = SongBattle;
			productName = SongBattle;
			productReference = 1A1A1A1A1A1A1A1A1A1A1A28 /* SongBattle.app */;
			productType = "com.apple.product-type.application";
		};
/* End PBXNativeTarget section */

/* Begin PBXProject section */
		1A1A1A1A1A1A1A1A1A1A1A33 /* Project object */ = {
			isa = PBXProject;
			attributes = {
				BuildIndependentTargetsInParallel = 1;
				LastSwiftUpdateCheck = 1500;
				LastUpgradeCheck = 1620;
				TargetAttributes = {
					1A1A1A1A1A1A1A1A1A1A1A2F = {
						CreatedOnToolsVersion = 15.0;
					};
				};
			};
			buildConfigurationList = 1A1A1A1A1A1A1A1A1A1A1A34 /* Build configuration list for PBXProject "SongBattle" */;
			compatibilityVersion = "Xcode 14.0";
			developmentRegion = en;
			hasScannedForEncodings = 0;
			knownRegions = (
				en,
				Base,
			);
			mainGroup = 1A1A1A1A1A1A1A1A1A1A1A2A;
			productRefGroup = 1A1A1A1A1A1A1A1A1A1A1A2C /* Products */;
			projectDirPath = "";
			projectRoot = "";
			targets = (
				1A1A1A1A1A1A1A1A1A1A1A2F /* SongBattle */,
			);
		};
/* End PBXProject section */

/* Begin PBXResourcesBuildPhase section */
		1A1A1A1A1A1A1A1A1A1A1A32 /* Resources */ = {
			isa = PBXResourcesBuildPhase;
			buildActionMask = 2147483647;
			files = (
				7A0162382DC497F900C706F1 /* Assets.xcassets in Resources */,
			);
			runOnlyForDeploymentPostprocessing = 0;
		};
/* End PBXResourcesBuildPhase section */

/* Begin PBXSourcesBuildPhase section */
		1A1A1A1A1A1A1A1A1A1A1A31 /* Sources */ = {
			isa = PBXSourcesBuildPhase;
			buildActionMask = 2147483647;
			files = (
				1A1A1A1A1A1A1A1A1A1A1A1A /* SongBattleApp.swift in Sources */,
				7A01624B2DC5701D00C706F1 /* SongSelectionView.swift in Sources */,
				7A01624C2DC5701D00C706F1 /* AddTeamView.swift in Sources */,
				1A1A1A1A1A1A1A1A1A1A1A1C /* ContentView.swift in Sources */,
				7A01623A2DC4A96000C706F1 /* MusicCategory.swift in Sources */,
				7AF4583F2DC3123000FF09AF /* Game.swift in Sources */,
				7AF458402DC3123000FF09AF /* Player.swift in Sources */,
				7A01623D2DC4AA2400C706F1 /* GameService.swift in Sources */,
				7A01623E2DC4AA2400C706F1 /* SpotifyService.swift in Sources */,
				1A1A1A1A1A1A1A1A1A1A1A1E /* GameView.swift in Sources */,
				1A1A1A1A1A1A1A1A1A1A1A20 /* TeamsView.swift in Sources */,
				1A1A1A1A1A1A1A1A1A1A1A22 /* SettingsView.swift in Sources */,
				7A0162452DC4AC8C00C706F1 /* GameViewModel.swift in Sources */,
				7A0162462DC4AC8C00C706F1 /* ScoreSheetViewModel.swift in Sources */,
				7A0162472DC4AC8C00C706F1 /* CategorySelectionViewModel.swift in Sources */,
				7A0162482DC4AC8C00C706F1 /* TeamsViewModel.swift in Sources */,
				7AF458372DC310D700FF09AF /* LoadingView.swift in Sources */,
				7A9B9E382DC1CBED004491D4 /* ScoreSheetView.swift in Sources */,
				7A9B9E392DC1CBED004491D5 /* CategorySelectionView.swift in Sources */,
				1A1A1A1A1A1A1A1A1A1A1A39 /* Team.swift in Sources */,
				7AF458322DC310B900FF09AF /* ViewModifiers.swift in Sources */,
				7AF458332DC310B900FF09AF /* Configuration.swift in Sources */,
				7AF458342DC310B900FF09AF /* ColorTheme.swift in Sources */,
				1A1A1A1A1A1A1A1A1A1A1A41 /* Track.swift in Sources */,
			);
			runOnlyForDeploymentPostprocessing = 0;
		};
/* End PBXSourcesBuildPhase section */

/* Begin XCBuildConfiguration section */
		1A1A1A1A1A1A1A1A1A1A1A35 /* Debug */ = {
			isa = XCBuildConfiguration;
			buildSettings = {
				ALWAYS_SEARCH_USER_PATHS = NO;
				ASSETCATALOG_COMPILER_GENERATE_SWIFT_ASSET_SYMBOL_EXTENSIONS = YES;
				CLANG_ANALYZER_NONNULL = YES;
				CLANG_ANALYZER_NUMBER_OBJECT_CONVERSION = YES_AGGRESSIVE;
				CLANG_CXX_LANGUAGE_STANDARD = "gnu++20";
				CLANG_ENABLE_MODULES = YES;
				CLANG_ENABLE_OBJC_ARC = YES;
				CLANG_ENABLE_OBJC_WEAK = YES;
				CLANG_WARN_BLOCK_CAPTURE_AUTORELEASING = YES;
				CLANG_WARN_BOOL_CONVERSION = YES;
				CLANG_WARN_COMMA = YES;
				CLANG_WARN_CONSTANT_CONVERSION = YES;
				CLANG_WARN_DEPRECATED_OBJC_IMPLEMENTATIONS = YES;
				CLANG_WARN_DIRECT_OBJC_ISA_USAGE = YES_ERROR;
				CLANG_WARN_DOCUMENTATION_COMMENTS = YES;
				CLANG_WARN_EMPTY_BODY = YES;
				CLANG_WARN_ENUM_CONVERSION = YES;
				CLANG_WARN_INFINITE_RECURSION = YES;
				CLANG_WARN_INT_CONVERSION = YES;
				CLANG_WARN_NON_LITERAL_NULL_CONVERSION = YES;
				CLANG_WARN_OBJC_IMPLICIT_RETAIN_SELF = YES;
				CLANG_WARN_OBJC_LITERAL_CONVERSION = YES;
				CLANG_WARN_OBJC_ROOT_CLASS = YES_ERROR;
				CLANG_WARN_QUOTED_INCLUDE_IN_FRAMEWORK_HEADER = YES;
				CLANG_WARN_RANGE_LOOP_ANALYSIS = YES;
				CLANG_WARN_STRICT_PROTOTYPES = YES;
				CLANG_WARN_SUSPICIOUS_MOVE = YES;
				CLANG_WARN_UNGUARDED_AVAILABILITY = YES_AGGRESSIVE;
				CLANG_WARN_UNREACHABLE_CODE = YES;
				CLANG_WARN__DUPLICATE_METHOD_MATCH = YES;
				COPY_PHASE_STRIP = NO;
				DEBUG_INFORMATION_FORMAT = dwarf;
				ENABLE_STRICT_OBJC_MSGSEND = YES;
				ENABLE_TESTABILITY = YES;
				ENABLE_USER_SCRIPT_SANDBOXING = YES;
				GCC_C_LANGUAGE_STANDARD = gnu17;
				GCC_DYNAMIC_NO_PIC = NO;
				GCC_NO_COMMON_BLOCKS = YES;
				GCC_OPTIMIZATION_LEVEL = 0;
				GCC_PREPROCESSOR_DEFINITIONS = (
					"DEBUG=1",
					"$(inherited)",
				);
				GCC_WARN_64_TO_32_BIT_CONVERSION = YES;
				GCC_WARN_ABOUT_RETURN_TYPE = YES_ERROR;
				GCC_WARN_UNDECLARED_SELECTOR = YES;
				GCC_WARN_UNINITIALIZED_AUTOS = YES_AGGRESSIVE;
				GCC_WARN_UNUSED_FUNCTION = YES;
				GCC_WARN_UNUSED_VARIABLE = YES;
				IPHONEOS_DEPLOYMENT_TARGET = 15.0;
				LOCALIZATION_PREFERS_STRING_CATALOGS = YES;
				MTL_ENABLE_DEBUG_INFO = INCLUDE_SOURCE;
				MTL_FAST_MATH = YES;
				ONLY_ACTIVE_ARCH = YES;
				SDKROOT = iphoneos;
				SWIFT_ACTIVE_COMPILATION_CONDITIONS = "DEBUG $(inherited)";
				SWIFT_OPTIMIZATION_LEVEL = "-Onone";
			};
			name = Debug;
		};
		1A1A1A1A1A1A1A1A1A1A1A36 /* Release */ = {
			isa = XCBuildConfiguration;
			buildSettings = {
				ALWAYS_SEARCH_USER_PATHS = NO;
				ASSETCATALOG_COMPILER_GENERATE_SWIFT_ASSET_SYMBOL_EXTENSIONS = YES;
				CLANG_ANALYZER_NONNULL = YES;
				CLANG_ANALYZER_NUMBER_OBJECT_CONVERSION = YES_AGGRESSIVE;
				CLANG_CXX_LANGUAGE_STANDARD = "gnu++20";
				CLANG_ENABLE_MODULES = YES;
				CLANG_ENABLE_OBJC_ARC = YES;
				CLANG_ENABLE_OBJC_WEAK = YES;
				CLANG_WARN_BLOCK_CAPTURE_AUTORELEASING = YES;
				CLANG_WARN_BOOL_CONVERSION = YES;
				CLANG_WARN_COMMA = YES;
				CLANG_WARN_CONSTANT_CONVERSION = YES;
				CLANG_WARN_DEPRECATED_OBJC_IMPLEMENTATIONS = YES;
				CLANG_WARN_DIRECT_OBJC_ISA_USAGE = YES_ERROR;
				CLANG_WARN_DOCUMENTATION_COMMENTS = YES;
				CLANG_WARN_EMPTY_BODY = YES;
				CLANG_WARN_ENUM_CONVERSION = YES;
				CLANG_WARN_INFINITE_RECURSION = YES;
				CLANG_WARN_INT_CONVERSION = YES;
				CLANG_WARN_NON_LITERAL_NULL_CONVERSION = YES;
				CLANG_WARN_OBJC_IMPLICIT_RETAIN_SELF = YES;
				CLANG_WARN_OBJC_LITERAL_CONVERSION = YES;
				CLANG_WARN_OBJC_ROOT_CLASS = YES_ERROR;
				CLANG_WARN_QUOTED_INCLUDE_IN_FRAMEWORK_HEADER = YES;
				CLANG_WARN_RANGE_LOOP_ANALYSIS = YES;
				CLANG_WARN_STRICT_PROTOTYPES = YES;
				CLANG_WARN_SUSPICIOUS_MOVE = YES;
				CLANG_WARN_UNGUARDED_AVAILABILITY = YES_AGGRESSIVE;
				CLANG_WARN_UNREACHABLE_CODE = YES;
				CLANG_WARN__DUPLICATE_METHOD_MATCH = YES;
				COPY_PHASE_STRIP = NO;
				DEBUG_INFORMATION_FORMAT = "dwarf-with-dsym";
				ENABLE_NS_ASSERTIONS = NO;
				ENABLE_STRICT_OBJC_MSGSEND = YES;
				ENABLE_USER_SCRIPT_SANDBOXING = YES;
				GCC_C_LANGUAGE_STANDARD = gnu17;
				GCC_NO_COMMON_BLOCKS = YES;
				GCC_WARN_64_TO_32_BIT_CONVERSION = YES;
				GCC_WARN_ABOUT_RETURN_TYPE = YES_ERROR;
				GCC_WARN_UNDECLARED_SELECTOR = YES;
				GCC_WARN_UNINITIALIZED_AUTOS = YES_AGGRESSIVE;
				GCC_WARN_UNUSED_FUNCTION = YES;
				GCC_WARN_UNUSED_VARIABLE = YES;
				IPHONEOS_DEPLOYMENT_TARGET = 15.0;
				LOCALIZATION_PREFERS_STRING_CATALOGS = YES;
				MTL_ENABLE_DEBUG_INFO = NO;
				MTL_FAST_MATH = YES;
				SDKROOT = iphoneos;
				SWIFT_COMPILATION_MODE = wholemodule;
				VALIDATE_PRODUCT = YES;
			};
			name = Release;
		};
		1A1A1A1A1A1A1A1A1A1A1A37 /* Debug */ = {
			isa = XCBuildConfiguration;
			buildSettings = {
				ASSETCATALOG_COMPILER_GLOBAL_ACCENT_COLOR_NAME = AccentColor;
				CODE_SIGN_STYLE = Automatic;
				CURRENT_PROJECT_VERSION = 1;
				DEVELOPMENT_ASSET_PATHS = "";
				DEVELOPMENT_TEAM = F7MGX6469C;
				ENABLE_PREVIEWS = YES;
				FRAMEWORK_SEARCH_PATHS = (
					"$(inherited)",
					"$(PROJECT_DIR)",
				);
				GENERATE_INFOPLIST_FILE = YES;
				INFOPLIST_FILE = SongBattle/Info.plist;
				INFOPLIST_KEY_UIApplicationSceneManifest_Generation = YES;
				INFOPLIST_KEY_UIApplicationSupportsIndirectInputEvents = YES;
				INFOPLIST_KEY_UILaunchScreen_Generation = YES;
				INFOPLIST_KEY_UISupportedInterfaceOrientations_iPad = "UIInterfaceOrientationPortrait UIInterfaceOrientationPortraitUpsideDown UIInterfaceOrientationLandscapeLeft UIInterfaceOrientationLandscapeRight";
				INFOPLIST_KEY_UISupportedInterfaceOrientations_iPhone = "UIInterfaceOrientationPortrait UIInterfaceOrientationLandscapeLeft UIInterfaceOrientationLandscapeRight";
				LD_RUNPATH_SEARCH_PATHS = (
					"$(inherited)",
					"@executable_path/Frameworks",
				);
				MARKETING_VERSION = 1.0;
				PRODUCT_BUNDLE_IDENTIFIER = com.christianmillar31.SongBattle;
				PRODUCT_NAME = "$(TARGET_NAME)";
				SWIFT_EMIT_LOC_STRINGS = YES;
				SWIFT_OBJC_BRIDGING_HEADER = "$(SRCROOT)/SongBattle/SongBattle-Bridging-Header.h";
				SWIFT_VERSION = 5.0;
				TARGETED_DEVICE_FAMILY = "1,2";
			};
			name = Debug;
		};
		1A1A1A1A1A1A1A1A1A1A1A38 /* Release */ = {
			isa = XCBuildConfiguration;
			buildSettings = {
				ASSETCATALOG_COMPILER_GLOBAL_ACCENT_COLOR_NAME = AccentColor;
				CODE_SIGN_STYLE = Automatic;
				CURRENT_PROJECT_VERSION = 1;
				DEVELOPMENT_ASSET_PATHS = "";
				DEVELOPMENT_TEAM = F7MGX6469C;
				ENABLE_PREVIEWS = YES;
				FRAMEWORK_SEARCH_PATHS = (
					"$(inherited)",
					"$(PROJECT_DIR)",
				);
				GENERATE_INFOPLIST_FILE = YES;
				INFOPLIST_FILE = SongBattle/Info.plist;
				INFOPLIST_KEY_UIApplicationSceneManifest_Generation = YES;
				INFOPLIST_KEY_UIApplicationSupportsIndirectInputEvents = YES;
				INFOPLIST_KEY_UILaunchScreen_Generation = YES;
				INFOPLIST_KEY_UISupportedInterfaceOrientations_iPad = "UIInterfaceOrientationPortrait UIInterfaceOrientationPortraitUpsideDown UIInterfaceOrientationLandscapeLeft UIInterfaceOrientationLandscapeRight";
				INFOPLIST_KEY_UISupportedInterfaceOrientations_iPhone = "UIInterfaceOrientationPortrait UIInterfaceOrientationLandscapeLeft UIInterfaceOrientationLandscapeRight";
				LD_RUNPATH_SEARCH_PATHS = (
					"$(inherited)",
					"@executable_path/Frameworks",
				);
				MARKETING_VERSION = 1.0;
				PRODUCT_BUNDLE_IDENTIFIER = com.christianmillar31.SongBattle;
				PRODUCT_NAME = "$(TARGET_NAME)";
				SWIFT_EMIT_LOC_STRINGS = YES;
				SWIFT_OBJC_BRIDGING_HEADER = "$(SRCROOT)/SongBattle/SongBattle-Bridging-Header.h";
				SWIFT_VERSION = 5.0;
				TARGETED_DEVICE_FAMILY = "1,2";
			};
			name = Release;
		};
/* End XCBuildConfiguration section */

/* Begin XCConfigurationList section */
		1A1A1A1A1A1A1A1A1A1A1A30 /* Build configuration list for PBXNativeTarget "SongBattle" */ = {
			isa = XCConfigurationList;
			buildConfigurations = (
				1A1A1A1A1A1A1A1A1A1A1A37 /* Debug */,
				1A1A1A1A1A1A1A1A1A1A1A38 /* Release */,
			);
			defaultConfigurationIsVisible = 0;
			defaultConfigurationName = Release;
		};
		1A1A1A1A1A1A1A1A1A1A1A34 /* Build configuration list for PBXProject "SongBattle" */ = {
			isa = XCConfigurationList;
			buildConfigurations = (
				1A1A1A1A1A1A1A1A1A1A1A35 /* Debug */,
				1A1A1A1A1A1A1A1A1A1A1A36 /* Release */,
			);
			defaultConfigurationIsVisible = 0;
			defaultConfigurationName = Release;
		};
/* End XCConfigurationList section */
	};
	rootObject = 1A1A1A1A1A1A1A1A1A1A1A33 /* Project object */;
}
